
Microsoft Visual Studio Solution File, Format Version 12.00
# Visual Studio 15
VisualStudioVersion = 15.0.27130.2020
MinimumVisualStudioVersion = 10.0.40219.1
Project("{FAE04EC0-301F-11D3-BF4B-00C04F79EFBC}") = "Shelterly", "Shelterly\Shelterly.csproj", "{B40319BA-4D30-469F-8C01-DEC9D430982D}"
EndProject
Global
	GlobalSection(SolutionConfigurationPlatforms) = preSolution
		Debug|Any CPU = Debug|Any CPU
		Release|Any CPU = Release|Any CPU
	EndGlobalSection
	GlobalSection(ProjectConfigurationPlatforms) = postSolution
		{B40319BA-4D30-469F-8C01-DEC9D430982D}.Debug|Any CPU.ActiveCfg = Debug|Any CPU
		{B40319BA-4D30-469F-8C01-DEC9D430982D}.Debug|Any CPU.Build.0 = Debug|Any CPU
		{B40319BA-4D30-469F-8C01-DEC9D430982D}.Release|Any CPU.ActiveCfg = Release|Any CPU
		{B40319BA-4D30-469F-8C01-DEC9D430982D}.Release|Any CPU.Build.0 = Release|Any CPU
	EndGlobalSection
	GlobalSection(SolutionProperties) = preSolution
		HideSolutionNode = FALSE
	EndGlobalSection
	GlobalSection(ExtensibilityGlobals) = postSolution
		SolutionGuid = {B9BCF638-5091-4C48-9848-16D5D0DE367E}
	EndGlobalSection
EndGlobal
